
Microsoft Visual Studio Solution File, Format Version 12.00
# Visual Studio Version 17
VisualStudioVersion = 17.0.31903.59
MinimumVisualStudioVersion = 10.0.40219.1
Project("{FAE04EC0-301F-11D3-BF4B-00C04F79EFBC}") = "TaskBoard.Core", "TaskBoard.Core\TaskBoard.Core.csproj", "{3049F3D1-2518-4974-82B0-48CA68B44358}"
EndProject
Project("{FAE04EC0-301F-11D3-BF4B-00C04F79EFBC}") = "TaskBoard.Infrastructure", "TaskBoard.Infrastructure\TaskBoard.Infrastructure.csproj", "{1B43FBDC-5B45-4499-AB19-274B90A015E0}"
EndProject
Project("{FAE04EC0-301F-11D3-BF4B-00C04F79EFBC}") = "TaskBoard.WebApi", "TaskBoard.WebApi\TaskBoard.WebApi.csproj", "{D9C63B8A-F826-400B-B822-F47EA7432906}"
EndProject
Global
	GlobalSection(SolutionConfigurationPlatforms) = preSolution
		Debug|Any CPU = Debug|Any CPU
		Debug|x64 = Debug|x64
		Debug|x86 = Debug|x86
		Release|Any CPU = Release|Any CPU
		Release|x64 = Release|x64
		Release|x86 = Release|x86
	EndGlobalSection
	GlobalSection(ProjectConfigurationPlatforms) = postSolution
		{3049F3D1-2518-4974-82B0-48CA68B44358}.Debug|Any CPU.ActiveCfg = Debug|Any CPU
		{3049F3D1-2518-4974-82B0-48CA68B44358}.Debug|Any CPU.Build.0 = Debug|Any CPU
		{3049F3D1-2518-4974-82B0-48CA68B44358}.Debug|x64.ActiveCfg = Debug|Any CPU
		{3049F3D1-2518-4974-82B0-48CA68B44358}.Debug|x64.Build.0 = Debug|Any CPU
		{3049F3D1-2518-4974-82B0-48CA68B44358}.Debug|x86.ActiveCfg = Debug|Any CPU
		{3049F3D1-2518-4974-82B0-48CA68B44358}.Debug|x86.Build.0 = Debug|Any CPU
		{3049F3D1-2518-4974-82B0-48CA68B44358}.Release|Any CPU.ActiveCfg = Release|Any CPU
		{3049F3D1-2518-4974-82B0-48CA68B44358}.Release|Any CPU.Build.0 = Release|Any CPU
		{3049F3D1-2518-4974-82B0-48CA68B44358}.Release|x64.ActiveCfg = Release|Any CPU
		{3049F3D1-2518-4974-82B0-48CA68B44358}.Release|x64.Build.0 = Release|Any CPU
		{3049F3D1-2518-4974-82B0-48CA68B44358}.Release|x86.ActiveCfg = Release|Any CPU
		{3049F3D1-2518-4974-82B0-48CA68B44358}.Release|x86.Build.0 = Release|Any CPU
		{1B43FBDC-5B45-4499-AB19-274B90A015E0}.Debug|Any CPU.ActiveCfg = Debug|Any CPU
		{1B43FBDC-5B45-4499-AB19-274B90A015E0}.Debug|Any CPU.Build.0 = Debug|Any CPU
		{1B43FBDC-5B45-4499-AB19-274B90A015E0}.Debug|x64.ActiveCfg = Debug|Any CPU
		{1B43FBDC-5B45-4499-AB19-274B90A015E0}.Debug|x64.Build.0 = Debug|Any CPU
		{1B43FBDC-5B45-4499-AB19-274B90A015E0}.Debug|x86.ActiveCfg = Debug|Any CPU
		{1B43FBDC-5B45-4499-AB19-274B90A015E0}.Debug|x86.Build.0 = Debug|Any CPU
		{1B43FBDC-5B45-4499-AB19-274B90A015E0}.Release|Any CPU.ActiveCfg = Release|Any CPU
		{1B43FBDC-5B45-4499-AB19-274B90A015E0}.Release|Any CPU.Build.0 = Release|Any CPU
		{1B43FBDC-5B45-4499-AB19-274B90A015E0}.Release|x64.ActiveCfg = Release|Any CPU
		{1B43FBDC-5B45-4499-AB19-274B90A015E0}.Release|x64.Build.0 = Release|Any CPU
		{1B43FBDC-5B45-4499-AB19-274B90A015E0}.Release|x86.ActiveCfg = Release|Any CPU
		{1B43FBDC-5B45-4499-AB19-274B90A015E0}.Release|x86.Build.0 = Release|Any CPU
		{D9C63B8A-F826-400B-B822-F47EA7432906}.Debug|Any CPU.ActiveCfg = Debug|Any CPU
		{D9C63B8A-F826-400B-B822-F47EA7432906}.Debug|Any CPU.Build.0 = Debug|Any CPU
		{D9C63B8A-F826-400B-B822-F47EA7432906}.Debug|x64.ActiveCfg = Debug|Any CPU
		{D9C63B8A-F826-400B-B822-F47EA7432906}.Debug|x64.Build.0 = Debug|Any CPU
		{D9C63B8A-F826-400B-B822-F47EA7432906}.Debug|x86.ActiveCfg = Debug|Any CPU
		{D9C63B8A-F826-400B-B822-F47EA7432906}.Debug|x86.Build.0 = Debug|Any CPU
		{D9C63B8A-F826-400B-B822-F47EA7432906}.Release|Any CPU.ActiveCfg = Release|Any CPU
		{D9C63B8A-F826-400B-B822-F47EA7432906}.Release|Any CPU.Build.0 = Release|Any CPU
		{D9C63B8A-F826-400B-B822-F47EA7432906}.Release|x64.ActiveCfg = Release|Any CPU
		{D9C63B8A-F826-400B-B822-F47EA7432906}.Release|x64.Build.0 = Release|Any CPU
		{D9C63B8A-F826-400B-B822-F47EA7432906}.Release|x86.ActiveCfg = Release|Any CPU
		{D9C63B8A-F826-400B-B822-F47EA7432906}.Release|x86.Build.0 = Release|Any CPU
	EndGlobalSection
	GlobalSection(SolutionProperties) = preSolution
		HideSolutionNode = FALSE
	EndGlobalSection
EndGlobal
